
Microsoft Visual Studio Solution File, Format Version 12.00
# Visual Studio Version 17
VisualStudioVersion = 17.14.36623.8
MinimumVisualStudioVersion = 10.0.40219.1
Project("{FAE04EC0-301F-11D3-BF4B-00C04F79EFBC}") = "MicroShop.ProductApi", "MicroShop.ProductApi\MicroShop.ProductApi.csproj", "{1E8B40BA-C8ED-4167-8C05-65BAF977C334}"
EndProject
Project("{FAE04EC0-301F-11D3-BF4B-00C04F79EFBC}") = "MicroShop.Web", "MicroShop.Web\MicroShop.Web.csproj", "{DA237C94-DFCC-4E2F-981D-C91BB823A011}"
EndProject
Project("{2150E333-8FDC-42A3-9474-1A3956D46DE8}") = "Frontend", "Frontend", "{02EA681E-C7D8-13C7-8484-4AC65E1B71E8}"
EndProject
Project("{2150E333-8FDC-42A3-9474-1A3956D46DE8}") = "Backend", "Backend", "{26E870C8-8338-448D-B3E3-566F592EEAC4}"
EndProject
Project("{FAE04EC0-301F-11D3-BF4B-00C04F79EFBC}") = "MicroShop.IdentiryServer", "MicroShop.IdentiryServer\MicroShop.IdentiryServer.csproj", "{AB2CAAB5-DC10-4A17-985F-E123BC69226B}"
EndProject
Global
	GlobalSection(SolutionConfigurationPlatforms) = preSolution
		Debug|Any CPU = Debug|Any CPU
		Release|Any CPU = Release|Any CPU
	EndGlobalSection
	GlobalSection(ProjectConfigurationPlatforms) = postSolution
		{1E8B40BA-C8ED-4167-8C05-65BAF977C334}.Debug|Any CPU.ActiveCfg = Debug|Any CPU
		{1E8B40BA-C8ED-4167-8C05-65BAF977C334}.Debug|Any CPU.Build.0 = Debug|Any CPU
		{1E8B40BA-C8ED-4167-8C05-65BAF977C334}.Release|Any CPU.ActiveCfg = Release|Any CPU
		{1E8B40BA-C8ED-4167-8C05-65BAF977C334}.Release|Any CPU.Build.0 = Release|Any CPU
		{DA237C94-DFCC-4E2F-981D-C91BB823A011}.Debug|Any CPU.ActiveCfg = Debug|Any CPU
		{DA237C94-DFCC-4E2F-981D-C91BB823A011}.Debug|Any CPU.Build.0 = Debug|Any CPU
		{DA237C94-DFCC-4E2F-981D-C91BB823A011}.Release|Any CPU.ActiveCfg = Release|Any CPU
		{DA237C94-DFCC-4E2F-981D-C91BB823A011}.Release|Any CPU.Build.0 = Release|Any CPU
		{AB2CAAB5-DC10-4A17-985F-E123BC69226B}.Debug|Any CPU.ActiveCfg = Debug|Any CPU
		{AB2CAAB5-DC10-4A17-985F-E123BC69226B}.Debug|Any CPU.Build.0 = Debug|Any CPU
		{AB2CAAB5-DC10-4A17-985F-E123BC69226B}.Release|Any CPU.ActiveCfg = Release|Any CPU
		{AB2CAAB5-DC10-4A17-985F-E123BC69226B}.Release|Any CPU.Build.0 = Release|Any CPU
	EndGlobalSection
	GlobalSection(SolutionProperties) = preSolution
		HideSolutionNode = FALSE
	EndGlobalSection
	GlobalSection(NestedProjects) = preSolution
		{1E8B40BA-C8ED-4167-8C05-65BAF977C334} = {26E870C8-8338-448D-B3E3-566F592EEAC4}
		{DA237C94-DFCC-4E2F-981D-C91BB823A011} = {02EA681E-C7D8-13C7-8484-4AC65E1B71E8}
		{AB2CAAB5-DC10-4A17-985F-E123BC69226B} = {26E870C8-8338-448D-B3E3-566F592EEAC4}
	EndGlobalSection
	GlobalSection(ExtensibilityGlobals) = postSolution
		SolutionGuid = {D47AC402-7ACC-4C92-888D-F5BD869F79D4}
	EndGlobalSection
EndGlobal
